
Microsoft Visual Studio Solution File, Format Version 12.00
# Visual Studio Version 16
VisualStudioVersion = 16.0.31321.278
MinimumVisualStudioVersion = 10.0.40219.1
Project("{FAE04EC0-301F-11D3-BF4B-00C04F79EFBC}") = "Workflow Core Demo", "Workflow Core Demo\Workflow Core Demo.csproj", "{9B5B8A39-25B6-4B87-B2A9-A4E47C0B2F6D}"
EndProject
Global
	GlobalSection(SolutionConfigurationPlatforms) = preSolution
		Debug|Any CPU = Debug|Any CPU
		Release|Any CPU = Release|Any CPU
	EndGlobalSection
	GlobalSection(ProjectConfigurationPlatforms) = postSolution
		{9B5B8A39-25B6-4B87-B2A9-A4E47C0B2F6D}.Debug|Any CPU.ActiveCfg = Debug|Any CPU
		{9B5B8A39-25B6-4B87-B2A9-A4E47C0B2F6D}.Debug|Any CPU.Build.0 = Debug|Any CPU
		{9B5B8A39-25B6-4B87-B2A9-A4E47C0B2F6D}.Release|Any CPU.ActiveCfg = Release|Any CPU
		{9B5B8A39-25B6-4B87-B2A9-A4E47C0B2F6D}.Release|Any CPU.Build.0 = Release|Any CPU
	EndGlobalSection
	GlobalSection(SolutionProperties) = preSolution
		HideSolutionNode = FALSE
	EndGlobalSection
	GlobalSection(ExtensibilityGlobals) = postSolution
		SolutionGuid = {45E6EEE7-82EE-4A0D-95F9-30ABFB166535}
	EndGlobalSection
EndGlobal
